
Microsoft Visual Studio Solution File, Format Version 12.00
# Visual Studio Version 16
VisualStudioVersion = 16.0.29905.134
MinimumVisualStudioVersion = 10.0.40219.1
Project("{FAE04EC0-301F-11D3-BF4B-00C04F79EFBC}") = "TestCPUCacheHits", "TestCPUCacheHits.csproj", "{8ADD8E66-89E2-4337-BE72-44C34166B477}"
EndProject
Global
	GlobalSection(SolutionConfigurationPlatforms) = preSolution
		Debug|Any CPU = Debug|Any CPU
		Release|Any CPU = Release|Any CPU
	EndGlobalSection
	GlobalSection(ProjectConfigurationPlatforms) = postSolution
		{8ADD8E66-89E2-4337-BE72-44C34166B477}.Debug|Any CPU.ActiveCfg = Debug|Any CPU
		{8ADD8E66-89E2-4337-BE72-44C34166B477}.Debug|Any CPU.Build.0 = Debug|Any CPU
		{8ADD8E66-89E2-4337-BE72-44C34166B477}.Release|Any CPU.ActiveCfg = Release|Any CPU
		{8ADD8E66-89E2-4337-BE72-44C34166B477}.Release|Any CPU.Build.0 = Release|Any CPU
	EndGlobalSection
	GlobalSection(SolutionProperties) = preSolution
		HideSolutionNode = FALSE
	EndGlobalSection
	GlobalSection(ExtensibilityGlobals) = postSolution
		SolutionGuid = {399CB36D-7CF6-4090-A7D8-62CC62346EEF}
	EndGlobalSection
EndGlobal
